
Microsoft Visual Studio Solution File, Format Version 12.00
# Visual Studio Version 16
VisualStudioVersion = 16.0.29613.14
MinimumVisualStudioVersion = 10.0.40219.1
Project("{FAE04EC0-301F-11D3-BF4B-00C04F79EFBC}") = "BlazorAppUI", "BlazorAppUI\BlazorAppUI.csproj", "{F7483A33-5A79-4910-8DB4-1A5451095A4C}"
EndProject
Project("{FAE04EC0-301F-11D3-BF4B-00C04F79EFBC}") = "DataAccessLibrary", "DataAccessLibrary\DataAccessLibrary.csproj", "{1C9F8672-C98C-4DA0-9437-8179AC44BE2D}"
EndProject
Global
	GlobalSection(SolutionConfigurationPlatforms) = preSolution
		Debug|Any CPU = Debug|Any CPU
		Release|Any CPU = Release|Any CPU
	EndGlobalSection
	GlobalSection(ProjectConfigurationPlatforms) = postSolution
		{F7483A33-5A79-4910-8DB4-1A5451095A4C}.Debug|Any CPU.ActiveCfg = Debug|Any CPU
		{F7483A33-5A79-4910-8DB4-1A5451095A4C}.Debug|Any CPU.Build.0 = Debug|Any CPU
		{F7483A33-5A79-4910-8DB4-1A5451095A4C}.Release|Any CPU.ActiveCfg = Release|Any CPU
		{F7483A33-5A79-4910-8DB4-1A5451095A4C}.Release|Any CPU.Build.0 = Release|Any CPU
		{1C9F8672-C98C-4DA0-9437-8179AC44BE2D}.Debug|Any CPU.ActiveCfg = Debug|Any CPU
		{1C9F8672-C98C-4DA0-9437-8179AC44BE2D}.Debug|Any CPU.Build.0 = Debug|Any CPU
		{1C9F8672-C98C-4DA0-9437-8179AC44BE2D}.Release|Any CPU.ActiveCfg = Release|Any CPU
		{1C9F8672-C98C-4DA0-9437-8179AC44BE2D}.Release|Any CPU.Build.0 = Release|Any CPU
	EndGlobalSection
	GlobalSection(SolutionProperties) = preSolution
		HideSolutionNode = FALSE
	EndGlobalSection
	GlobalSection(ExtensibilityGlobals) = postSolution
		SolutionGuid = {382D9EF2-CABF-478C-8ACD-90EECD37590E}
	EndGlobalSection
EndGlobal
